# This file is automatically @generated by Cargo.
# It is not intended for manual editing.
[[package]]
name = "aligned"
version = "0.2.0"
source = "registry+https://github.com/rust-lang/crates.io-index"

[[package]]
name = "aligned"
version = "0.3.2"
source = "registry+https://github.com/rust-lang/crates.io-index"
dependencies = [
 "as-slice 0.1.3 (registry+https://github.com/rust-lang/crates.io-index)",
]

[[package]]
name = "arrayvec"
version = "0.4.12"
source = "registry+https://github.com/rust-lang/crates.io-index"
dependencies = [
 "nodrop 0.1.14 (registry+https://github.com/rust-lang/crates.io-index)",
]

[[package]]
name = "as-slice"
version = "0.1.3"
source = "registry+https://github.com/rust-lang/crates.io-index"
dependencies = [
 "generic-array 0.12.3 (registry+https://github.com/rust-lang/crates.io-index)",
 "generic-array 0.13.2 (registry+https://github.com/rust-lang/crates.io-index)",
 "stable_deref_trait 1.1.1 (registry+https://github.com/rust-lang/crates.io-index)",
]

[[package]]
name = "bare-metal"
version = "0.2.5"
source = "registry+https://github.com/rust-lang/crates.io-index"
dependencies = [
 "rustc_version 0.2.3 (registry+https://github.com/rust-lang/crates.io-index)",
]

[[package]]
name = "byteorder"
version = "1.3.4"
source = "registry+https://github.com/rust-lang/crates.io-index"

[[package]]
name = "cast"
version = "0.2.3"
source = "registry+https://github.com/rust-lang/crates.io-index"
dependencies = [
 "rustc_version 0.2.3 (registry+https://github.com/rust-lang/crates.io-index)",
]

[[package]]
name = "cc"
version = "1.0.50"
source = "registry+https://github.com/rust-lang/crates.io-index"

[[package]]
name = "cortex-m"
version = "0.5.10"
source = "registry+https://github.com/rust-lang/crates.io-index"
dependencies = [
 "aligned 0.2.0 (registry+https://github.com/rust-lang/crates.io-index)",
 "bare-metal 0.2.5 (registry+https://github.com/rust-lang/crates.io-index)",
 "cortex-m 0.6.2 (registry+https://github.com/rust-lang/crates.io-index)",
 "volatile-register 0.2.0 (registry+https://github.com/rust-lang/crates.io-index)",
]

[[package]]
name = "cortex-m"
version = "0.6.2"
source = "registry+https://github.com/rust-lang/crates.io-index"
dependencies = [
 "aligned 0.3.2 (registry+https://github.com/rust-lang/crates.io-index)",
 "bare-metal 0.2.5 (registry+https://github.com/rust-lang/crates.io-index)",
 "volatile-register 0.2.0 (registry+https://github.com/rust-lang/crates.io-index)",
]

[[package]]
name = "cortex-m-rt"
version = "0.6.12"
source = "registry+https://github.com/rust-lang/crates.io-index"
dependencies = [
 "cortex-m-rt-macros 0.1.8 (registry+https://github.com/rust-lang/crates.io-index)",
 "r0 0.2.2 (registry+https://github.com/rust-lang/crates.io-index)",
]

[[package]]
name = "cortex-m-rt-macros"
version = "0.1.8"
source = "registry+https://github.com/rust-lang/crates.io-index"
dependencies = [
 "proc-macro2 1.0.9 (registry+https://github.com/rust-lang/crates.io-index)",
 "quote 1.0.2 (registry+https://github.com/rust-lang/crates.io-index)",
 "syn 1.0.16 (registry+https://github.com/rust-lang/crates.io-index)",
]

[[package]]
name = "cortex-m-semihosting"
version = "0.3.5"
source = "registry+https://github.com/rust-lang/crates.io-index"
dependencies = [
 "cortex-m 0.6.2 (registry+https://github.com/rust-lang/crates.io-index)",
]

[[package]]
name = "cty"
version = "0.1.5"
source = "registry+https://github.com/rust-lang/crates.io-index"

[[package]]
name = "embedded-hal"
version = "0.2.2"
source = "registry+https://github.com/rust-lang/crates.io-index"
dependencies = [
 "nb 0.1.2 (registry+https://github.com/rust-lang/crates.io-index)",
 "void 1.0.2 (registry+https://github.com/rust-lang/crates.io-index)",
]

[[package]]
name = "generic-array"
version = "0.11.1"
source = "registry+https://github.com/rust-lang/crates.io-index"
dependencies = [
 "typenum 1.11.2 (registry+https://github.com/rust-lang/crates.io-index)",
]

[[package]]
name = "generic-array"
version = "0.12.3"
source = "registry+https://github.com/rust-lang/crates.io-index"
dependencies = [
 "typenum 1.11.2 (registry+https://github.com/rust-lang/crates.io-index)",
]

[[package]]
name = "generic-array"
version = "0.13.2"
source = "registry+https://github.com/rust-lang/crates.io-index"
dependencies = [
 "typenum 1.11.2 (registry+https://github.com/rust-lang/crates.io-index)",
]

[[package]]
name = "hash32"
version = "0.1.1"
source = "registry+https://github.com/rust-lang/crates.io-index"
dependencies = [
 "byteorder 1.3.4 (registry+https://github.com/rust-lang/crates.io-index)",
]

[[package]]
name = "heapless"
version = "0.4.4"
source = "registry+https://github.com/rust-lang/crates.io-index"
dependencies = [
 "as-slice 0.1.3 (registry+https://github.com/rust-lang/crates.io-index)",
 "generic-array 0.11.1 (registry+https://github.com/rust-lang/crates.io-index)",
 "hash32 0.1.1 (registry+https://github.com/rust-lang/crates.io-index)",
]

[[package]]
name = "heapless"
version = "0.5.3"
source = "registry+https://github.com/rust-lang/crates.io-index"
dependencies = [
 "as-slice 0.1.3 (registry+https://github.com/rust-lang/crates.io-index)",
 "generic-array 0.13.2 (registry+https://github.com/rust-lang/crates.io-index)",
 "hash32 0.1.1 (registry+https://github.com/rust-lang/crates.io-index)",
]

[[package]]
name = "libm"
version = "0.1.4"
source = "registry+https://github.com/rust-lang/crates.io-index"

[[package]]
name = "librobot"
version = "0.2.0"
source = "git+https://github.com/ClubRobotInsat/librobot#734c2e7aa3f2355c0f1006700234fa1cda255b55"
dependencies = [
 "arrayvec 0.4.12 (registry+https://github.com/rust-lang/crates.io-index)",
 "cc 1.0.50 (registry+https://github.com/rust-lang/crates.io-index)",
 "cty 0.1.5 (registry+https://github.com/rust-lang/crates.io-index)",
 "embedded-hal 0.2.2 (registry+https://github.com/rust-lang/crates.io-index)",
 "heapless 0.5.3 (registry+https://github.com/rust-lang/crates.io-index)",
 "libm 0.1.4 (registry+https://github.com/rust-lang/crates.io-index)",
 "micromath 0.3.1 (registry+https://github.com/rust-lang/crates.io-index)",
 "nb 0.1.2 (registry+https://github.com/rust-lang/crates.io-index)",
 "qei 1.0.2 (registry+https://github.com/rust-lang/crates.io-index)",
 "serde 1.0.104 (registry+https://github.com/rust-lang/crates.io-index)",
 "serde-json-core 0.1.0 (git+https://github.com/japaric/serde-json-core)",
 "serde_derive 1.0.104 (registry+https://github.com/rust-lang/crates.io-index)",
 "w5500 0.1.6 (registry+https://github.com/rust-lang/crates.io-index)",
]

[[package]]
name = "micromath"
version = "0.3.1"
source = "registry+https://github.com/rust-lang/crates.io-index"
dependencies = [
 "generic-array 0.13.2 (registry+https://github.com/rust-lang/crates.io-index)",
]

[[package]]
name = "nb"
version = "0.1.2"
source = "registry+https://github.com/rust-lang/crates.io-index"

[[package]]
name = "nodrop"
version = "0.1.14"
source = "registry+https://github.com/rust-lang/crates.io-index"

[[package]]
name = "numtoa"
version = "0.2.3"
source = "registry+https://github.com/rust-lang/crates.io-index"

[[package]]
name = "panic-semihosting"
version = "0.5.3"
source = "registry+https://github.com/rust-lang/crates.io-index"
dependencies = [
 "cortex-m 0.6.2 (registry+https://github.com/rust-lang/crates.io-index)",
 "cortex-m-semihosting 0.3.5 (registry+https://github.com/rust-lang/crates.io-index)",
]

[[package]]
name = "pid_control"
version = "0.7.2"
source = "git+https://github.com/gbip/pid_control-rs?branch=genericity#05876db3bb4b5c10b93a8e23612877054f5b947c"

[[package]]
name = "proc-macro2"
version = "1.0.9"
source = "registry+https://github.com/rust-lang/crates.io-index"
dependencies = [
 "unicode-xid 0.2.0 (registry+https://github.com/rust-lang/crates.io-index)",
]

[[package]]
name = "pwm-speaker"
version = "0.1.0"
source = "git+https://github.com/gbip/pwm-speaker#80b9a64564c45ec7b7f841932550a7efc02dc535"
dependencies = [
 "cast 0.2.3 (registry+https://github.com/rust-lang/crates.io-index)",
 "cortex-m-rt 0.6.12 (registry+https://github.com/rust-lang/crates.io-index)",
 "stm32f1xx-hal 0.2.1 (registry+https://github.com/rust-lang/crates.io-index)",
]

[[package]]
name = "qei"
version = "1.0.2"
source = "registry+https://github.com/rust-lang/crates.io-index"
dependencies = [
 "embedded-hal 0.2.2 (registry+https://github.com/rust-lang/crates.io-index)",
]

[[package]]
name = "quote"
version = "1.0.2"
source = "registry+https://github.com/rust-lang/crates.io-index"
dependencies = [
 "proc-macro2 1.0.9 (registry+https://github.com/rust-lang/crates.io-index)",
]

[[package]]
name = "r0"
version = "0.2.2"
source = "registry+https://github.com/rust-lang/crates.io-index"

[[package]]
name = "rustc_version"
version = "0.2.3"
source = "registry+https://github.com/rust-lang/crates.io-index"
dependencies = [
 "semver 0.9.0 (registry+https://github.com/rust-lang/crates.io-index)",
]

[[package]]
name = "semver"
version = "0.9.0"
source = "registry+https://github.com/rust-lang/crates.io-index"
dependencies = [
 "semver-parser 0.7.0 (registry+https://github.com/rust-lang/crates.io-index)",
]

[[package]]
name = "semver-parser"
version = "0.7.0"
source = "registry+https://github.com/rust-lang/crates.io-index"

[[package]]
name = "serde"
version = "1.0.104"
source = "registry+https://github.com/rust-lang/crates.io-index"

[[package]]
name = "serde-json-core"
version = "0.1.0"
source = "git+https://github.com/japaric/serde-json-core#238c8fe5f852fff493ba21d5879af012fefa080b"
dependencies = [
 "heapless 0.5.3 (registry+https://github.com/rust-lang/crates.io-index)",
 "serde 1.0.104 (registry+https://github.com/rust-lang/crates.io-index)",
]

[[package]]
name = "serde_derive"
version = "1.0.104"
source = "registry+https://github.com/rust-lang/crates.io-index"
dependencies = [
 "proc-macro2 1.0.9 (registry+https://github.com/rust-lang/crates.io-index)",
 "quote 1.0.2 (registry+https://github.com/rust-lang/crates.io-index)",
 "syn 1.0.16 (registry+https://github.com/rust-lang/crates.io-index)",
]

[[package]]
name = "stable_deref_trait"
version = "1.1.1"
source = "registry+https://github.com/rust-lang/crates.io-index"

[[package]]
name = "stm32-black-pill-rust"
version = "0.3.2"
dependencies = [
 "arrayvec 0.4.12 (registry+https://github.com/rust-lang/crates.io-index)",
 "cortex-m 0.6.2 (registry+https://github.com/rust-lang/crates.io-index)",
 "cortex-m-rt 0.6.12 (registry+https://github.com/rust-lang/crates.io-index)",
 "cortex-m-semihosting 0.3.5 (registry+https://github.com/rust-lang/crates.io-index)",
 "embedded-hal 0.2.2 (registry+https://github.com/rust-lang/crates.io-index)",
 "heapless 0.4.4 (registry+https://github.com/rust-lang/crates.io-index)",
 "librobot 0.2.0 (git+https://github.com/ClubRobotInsat/librobot)",
 "nb 0.1.2 (registry+https://github.com/rust-lang/crates.io-index)",
 "numtoa 0.2.3 (registry+https://github.com/rust-lang/crates.io-index)",
 "panic-semihosting 0.5.3 (registry+https://github.com/rust-lang/crates.io-index)",
 "pid_control 0.7.2 (git+https://github.com/gbip/pid_control-rs?branch=genericity)",
 "pwm-speaker 0.1.0 (git+https://github.com/gbip/pwm-speaker)",
 "qei 1.0.2 (registry+https://github.com/rust-lang/crates.io-index)",
 "stm32f1xx-hal 0.2.1 (registry+https://github.com/rust-lang/crates.io-index)",
 "w5500 0.1.6 (registry+https://github.com/rust-lang/crates.io-index)",
]

[[package]]
name = "stm32f1"
version = "0.6.0"
source = "registry+https://github.com/rust-lang/crates.io-index"
dependencies = [
 "bare-metal 0.2.5 (registry+https://github.com/rust-lang/crates.io-index)",
 "cortex-m 0.5.10 (registry+https://github.com/rust-lang/crates.io-index)",
 "cortex-m-rt 0.6.12 (registry+https://github.com/rust-lang/crates.io-index)",
 "vcell 0.1.2 (registry+https://github.com/rust-lang/crates.io-index)",
]

[[package]]
name = "stm32f1xx-hal"
version = "0.2.1"
source = "registry+https://github.com/rust-lang/crates.io-index"
dependencies = [
 "cast 0.2.3 (registry+https://github.com/rust-lang/crates.io-index)",
 "cortex-m 0.5.10 (registry+https://github.com/rust-lang/crates.io-index)",
 "cortex-m-rt 0.6.12 (registry+https://github.com/rust-lang/crates.io-index)",
 "embedded-hal 0.2.2 (registry+https://github.com/rust-lang/crates.io-index)",
 "nb 0.1.2 (registry+https://github.com/rust-lang/crates.io-index)",
 "stm32f1 0.6.0 (registry+https://github.com/rust-lang/crates.io-index)",
 "void 1.0.2 (registry+https://github.com/rust-lang/crates.io-index)",
]

[[package]]
name = "syn"
version = "1.0.16"
source = "registry+https://github.com/rust-lang/crates.io-index"
dependencies = [
 "proc-macro2 1.0.9 (registry+https://github.com/rust-lang/crates.io-index)",
 "quote 1.0.2 (registry+https://github.com/rust-lang/crates.io-index)",
 "unicode-xid 0.2.0 (registry+https://github.com/rust-lang/crates.io-index)",
]

[[package]]
name = "typenum"
version = "1.11.2"
source = "registry+https://github.com/rust-lang/crates.io-index"

[[package]]
name = "unicode-xid"
version = "0.2.0"
source = "registry+https://github.com/rust-lang/crates.io-index"

[[package]]
name = "vcell"
version = "0.1.2"
source = "registry+https://github.com/rust-lang/crates.io-index"

[[package]]
name = "void"
version = "1.0.2"
source = "registry+https://github.com/rust-lang/crates.io-index"

[[package]]
name = "volatile-register"
version = "0.2.0"
source = "registry+https://github.com/rust-lang/crates.io-index"
dependencies = [
 "vcell 0.1.2 (registry+https://github.com/rust-lang/crates.io-index)",
]

[[package]]
name = "w5500"
version = "0.1.6"
source = "registry+https://github.com/rust-lang/crates.io-index"
dependencies = [
 "byteorder 1.3.4 (registry+https://github.com/rust-lang/crates.io-index)",
 "embedded-hal 0.2.2 (registry+https://github.com/rust-lang/crates.io-index)",
 "nb 0.1.2 (registry+https://github.com/rust-lang/crates.io-index)",
]

[metadata]
"checksum aligned 0.2.0 (registry+https://github.com/rust-lang/crates.io-index)" = "d39da9b88ae1a81c03c9c082b8db83f1d0e93914126041962af61034ab44c4a5"
"checksum aligned 0.3.2 (registry+https://github.com/rust-lang/crates.io-index)" = "eb1ce8b3382016136ab1d31a1b5ce807144f8b7eb2d5f16b2108f0f07edceb94"
"checksum arrayvec 0.4.12 (registry+https://github.com/rust-lang/crates.io-index)" = "cd9fd44efafa8690358b7408d253adf110036b88f55672a933f01d616ad9b1b9"
"checksum as-slice 0.1.3 (registry+https://github.com/rust-lang/crates.io-index)" = "37dfb65bc03b2bc85ee827004f14a6817e04160e3b1a28931986a666a9290e70"
"checksum bare-metal 0.2.5 (registry+https://github.com/rust-lang/crates.io-index)" = "5deb64efa5bd81e31fcd1938615a6d98c82eafcbcd787162b6f63b91d6bac5b3"
"checksum byteorder 1.3.4 (registry+https://github.com/rust-lang/crates.io-index)" = "08c48aae112d48ed9f069b33538ea9e3e90aa263cfa3d1c24309612b1f7472de"
"checksum cast 0.2.3 (registry+https://github.com/rust-lang/crates.io-index)" = "4b9434b9a5aa1450faa3f9cb14ea0e8c53bb5d2b3c1bfd1ab4fc03e9f33fbfb0"
"checksum cc 1.0.50 (registry+https://github.com/rust-lang/crates.io-index)" = "95e28fa049fda1c330bcf9d723be7663a899c4679724b34c81e9f5a326aab8cd"
"checksum cortex-m 0.5.10 (registry+https://github.com/rust-lang/crates.io-index)" = "3c0b159a1e8306949579de3698c841dba58058197b65c60807194e4fa1e7a554"
"checksum cortex-m 0.6.2 (registry+https://github.com/rust-lang/crates.io-index)" = "2954942fbbdd49996704e6f048ce57567c3e1a4e2dc59b41ae9fde06a01fc763"
"checksum cortex-m-rt 0.6.12 (registry+https://github.com/rust-lang/crates.io-index)" = "00d518da72bba39496024b62607c1d8e37bcece44b2536664f1132a73a499a28"
"checksum cortex-m-rt-macros 0.1.8 (registry+https://github.com/rust-lang/crates.io-index)" = "4717562afbba06e760d34451919f5c3bf3ac15c7bb897e8b04862a7428378647"
"checksum cortex-m-semihosting 0.3.5 (registry+https://github.com/rust-lang/crates.io-index)" = "113ef0ecffee2b62b58f9380f4469099b30e9f9cbee2804771b4203ba1762cfa"
"checksum cty 0.1.5 (registry+https://github.com/rust-lang/crates.io-index)" = "c4e1d41c471573612df00397113557693b5bf5909666a8acb253930612b93312"
"checksum embedded-hal 0.2.2 (registry+https://github.com/rust-lang/crates.io-index)" = "9880e55238830314d41d88f1ac7a819d495799c3cc3bc392cc172bab26428c33"
"checksum generic-array 0.11.1 (registry+https://github.com/rust-lang/crates.io-index)" = "8107dafa78c80c848b71b60133954b4a58609a3a1a5f9af037ecc7f67280f369"
"checksum generic-array 0.12.3 (registry+https://github.com/rust-lang/crates.io-index)" = "c68f0274ae0e023facc3c97b2e00f076be70e254bc851d972503b328db79b2ec"
"checksum generic-array 0.13.2 (registry+https://github.com/rust-lang/crates.io-index)" = "0ed1e761351b56f54eb9dcd0cfaca9fd0daecf93918e1cfc01c8a3d26ee7adcd"
"checksum hash32 0.1.1 (registry+https://github.com/rust-lang/crates.io-index)" = "d4041af86e63ac4298ce40e5cca669066e75b6f1aa3390fe2561ffa5e1d9f4cc"
"checksum heapless 0.4.4 (registry+https://github.com/rust-lang/crates.io-index)" = "e1ae80bbc62401ae8096976857172507cadbd2200f36670e5144634360a05959"
"checksum heapless 0.5.3 (registry+https://github.com/rust-lang/crates.io-index)" = "10b591a0032f114b7a77d4fbfab452660c553055515b7d7ece355db080d19087"
"checksum libm 0.1.4 (registry+https://github.com/rust-lang/crates.io-index)" = "7fc7aa29613bd6a620df431842069224d8bc9011086b1db4c0e0cd47fa03ec9a"
"checksum librobot 0.2.0 (git+https://github.com/ClubRobotInsat/librobot)" = "<none>"
"checksum micromath 0.3.1 (registry+https://github.com/rust-lang/crates.io-index)" = "5e9c080087bae6bdf141dd7ebb0bfe163893e26caaddc936a6aaf4fb8a530548"
"checksum nb 0.1.2 (registry+https://github.com/rust-lang/crates.io-index)" = "b1411551beb3c11dedfb0a90a0fa256b47d28b9ec2cdff34c25a2fa59e45dbdc"
"checksum nodrop 0.1.14 (registry+https://github.com/rust-lang/crates.io-index)" = "72ef4a56884ca558e5ddb05a1d1e7e1bfd9a68d9ed024c21704cc98872dae1bb"
"checksum numtoa 0.2.3 (registry+https://github.com/rust-lang/crates.io-index)" = "e521b6adefa0b2c1fa5d2abdf9a5216288686fe6146249215d884c0e5ab320b0"
"checksum panic-semihosting 0.5.3 (registry+https://github.com/rust-lang/crates.io-index)" = "c03864ac862876c16a308f5286f4aa217f1a69ac45df87ad3cd2847f818a642c"
"checksum pid_control 0.7.2 (git+https://github.com/gbip/pid_control-rs?branch=genericity)" = "<none>"
"checksum proc-macro2 1.0.9 (registry+https://github.com/rust-lang/crates.io-index)" = "6c09721c6781493a2a492a96b5a5bf19b65917fe6728884e7c44dd0c60ca3435"
"checksum pwm-speaker 0.1.0 (git+https://github.com/gbip/pwm-speaker)" = "<none>"
"checksum qei 1.0.2 (registry+https://github.com/rust-lang/crates.io-index)" = "506e0f84fb07e858d1bb9bdd33a66c5347f15805025e782edbac1848d1238f3c"
"checksum quote 1.0.2 (registry+https://github.com/rust-lang/crates.io-index)" = "053a8c8bcc71fcce321828dc897a98ab9760bef03a4fc36693c231e5b3216cfe"
"checksum r0 0.2.2 (registry+https://github.com/rust-lang/crates.io-index)" = "e2a38df5b15c8d5c7e8654189744d8e396bddc18ad48041a500ce52d6948941f"
"checksum rustc_version 0.2.3 (registry+https://github.com/rust-lang/crates.io-index)" = "138e3e0acb6c9fb258b19b67cb8abd63c00679d2851805ea151465464fe9030a"
"checksum semver 0.9.0 (registry+https://github.com/rust-lang/crates.io-index)" = "1d7eb9ef2c18661902cc47e535f9bc51b78acd254da71d375c2f6720d9a40403"
"checksum semver-parser 0.7.0 (registry+https://github.com/rust-lang/crates.io-index)" = "388a1df253eca08550bef6c72392cfe7c30914bf41df5269b68cbd6ff8f570a3"
"checksum serde 1.0.104 (registry+https://github.com/rust-lang/crates.io-index)" = "414115f25f818d7dfccec8ee535d76949ae78584fc4f79a6f45a904bf8ab4449"
"checksum serde-json-core 0.1.0 (git+https://github.com/japaric/serde-json-core)" = "<none>"
"checksum serde_derive 1.0.104 (registry+https://github.com/rust-lang/crates.io-index)" = "128f9e303a5a29922045a830221b8f78ec74a5f544944f3d5984f8ec3895ef64"
"checksum stable_deref_trait 1.1.1 (registry+https://github.com/rust-lang/crates.io-index)" = "dba1a27d3efae4351c8051072d619e3ade2820635c3958d826bfea39d59b54c8"
"checksum stm32f1 0.6.0 (registry+https://github.com/rust-lang/crates.io-index)" = "5c9a197094ef680c79c5018701f0c03f0dc673cbf4a0df944371d3f83c71161d"
"checksum stm32f1xx-hal 0.2.1 (registry+https://github.com/rust-lang/crates.io-index)" = "c69099c8ceba8a0279cb8c028c5a2dd1effc7bf5031e511335ba06d3660ff82f"
"checksum syn 1.0.16 (registry+https://github.com/rust-lang/crates.io-index)" = "123bd9499cfb380418d509322d7a6d52e5315f064fe4b3ad18a53d6b92c07859"
"checksum typenum 1.11.2 (registry+https://github.com/rust-lang/crates.io-index)" = "6d2783fe2d6b8c1101136184eb41be8b1ad379e4657050b8aaff0c79ee7575f9"
"checksum unicode-xid 0.2.0 (registry+https://github.com/rust-lang/crates.io-index)" = "826e7639553986605ec5979c7dd957c7895e93eabed50ab2ffa7f6128a75097c"
"checksum vcell 0.1.2 (registry+https://github.com/rust-lang/crates.io-index)" = "876e32dcadfe563a4289e994f7cb391197f362b6315dc45e8ba4aa6f564a4b3c"
"checksum void 1.0.2 (registry+https://github.com/rust-lang/crates.io-index)" = "6a02e4885ed3bc0f2de90ea6dd45ebcbb66dacffe03547fadbb0eeae2770887d"
"checksum volatile-register 0.2.0 (registry+https://github.com/rust-lang/crates.io-index)" = "0d67cb4616d99b940db1d6bd28844ff97108b498a6ca850e5b6191a532063286"
"checksum w5500 0.1.6 (registry+https://github.com/rust-lang/crates.io-index)" = "f6d383219358dc608de5a3b1ec3246baed4c6af6b1fe3cb387adc0ed3b4ce122"
